// !$*UTF8*$!
{
	archiveVersion = 1;
	classes = {
	};
	objectVersion = 46;
	objects = {

/* Begin PBXBuildFile section */
		8F151E211C8E5F940063C647 /* AppDelegate.swift in Sources */ = {isa = PBXBuildFile; fileRef = 8F151E201C8E5F940063C647 /* AppDelegate.swift */; };
		8F151E231C8E5F940063C647 /* ViewController.swift in Sources */ = {isa = PBXBuildFile; fileRef = 8F151E221C8E5F940063C647 /* ViewController.swift */; };
		8F151E261C8E5F940063C647 /* Main.storyboard in Resources */ = {isa = PBXBuildFile; fileRef = 8F151E241C8E5F940063C647 /* Main.storyboard */; };
		8F151E281C8E5F940063C647 /* Assets.xcassets in Resources */ = {isa = PBXBuildFile; fileRef = 8F151E271C8E5F940063C647 /* Assets.xcassets */; };
		8F151E2B1C8E5F940063C647 /* LaunchScreen.storyboard in Resources */ = {isa = PBXBuildFile; fileRef = 8F151E291C8E5F940063C647 /* LaunchScreen.storyboard */; };
		8F151E351C8E62960063C647 /* FirstPageViewController.swift in Sources */ = {isa = PBXBuildFile; fileRef = 8F151E341C8E62960063C647 /* FirstPageViewController.swift */; };
		8F151E371C8E66E60063C647 /* YellowViewController.swift in Sources */ = {isa = PBXBuildFile; fileRef = 8F151E361C8E66E60063C647 /* YellowViewController.swift */; };
/* End PBXBuildFile section */

/* Begin PBXFileReference section */
		8F151E1D1C8E5F940063C647 /* segway-example.app */ = {isa = PBXFileReference; explicitFileType = wrapper.application; includeInIndex = 0; path = "segway-example.app"; sourceTree = BUILT_PRODUCTS_DIR; };
		8F151E201C8E5F940063C647 /* AppDelegate.swift */ = {isa = PBXFileReference; lastKnownFileType = sourcecode.swift; path = AppDelegate.swift; sourceTree = "<group>"; };
		8F151E221C8E5F940063C647 /* ViewController.swift */ = {isa = PBXFileReference; lastKnownFileType = sourcecode.swift; path = ViewController.swift; sourceTree = "<group>"; };
		8F151E251C8E5F940063C647 /* Base */ = {isa = PBXFileReference; lastKnownFileType = file.storyboard; name = Base; path = Base.lproj/Main.storyboard; sourceTree = "<group>"; };
		8F151E271C8E5F940063C647 /* Assets.xcassets */ = {isa = PBXFileReference; lastKnownFileType = folder.assetcatalog; path = Assets.xcassets; sourceTree = "<group>"; };
		8F151E2A1C8E5F940063C647 /* Base */ = {isa = PBXFileReference; lastKnownFileType = file.storyboard; name = Base; path = Base.lproj/LaunchScreen.storyboard; sourceTree = "<group>"; };
		8F151E2C1C8E5F940063C647 /* Info.plist */ = {isa = PBXFileReference; lastKnownFileType = text.plist.xml; path = Info.plist; sourceTree = "<group>"; };
		8F151E341C8E62960063C647 /* FirstPageViewController.swift */ = {isa = PBXFileReference; fileEncoding = 4; lastKnownFileType = sourcecode.swift; path = FirstPageViewController.swift; sourceTree = "<group>"; };
		8F151E361C8E66E60063C647 /* YellowViewController.swift */ = {isa = PBXFileReference; fileEncoding = 4; lastKnownFileType = sourcecode.swift; path = YellowViewController.swift; sourceTree = "<group>"; };
/* End PBXFileReference section */

/* Begin PBXFrameworksBuildPhase section */
		8F151E1A1C8E5F940063C647 /* Frameworks */ = {
			isa = PBXFrameworksBuildPhase;
			buildActionMask = 2147483647;
			files = (
			);
			runOnlyForDeploymentPostprocessing = 0;
		};
/* End PBXFrameworksBuildPhase section */

/* Begin PBXGroup section */
		8F151E141C8E5F940063C647 = {
			isa = PBXGroup;
			children = (
				8F151E1F1C8E5F940063C647 /* segway-example */,
				8F151E1E1C8E5F940063C647 /* Products */,
			);
			sourceTree = "<group>";
		};
		8F151E1E1C8E5F940063C647 /* Products */ = {
			isa = PBXGroup;
			children = (
				8F151E1D1C8E5F940063C647 /* segway-example.app */,
			);
			name = Products;
			sourceTree = "<group>";
		};
		8F151E1F1C8E5F940063C647 /* segway-example */ = {
			isa = PBXGroup;
			children = (
				8F151E331C8E626B0063C647 /* Controller */,
				8F151E321C8E625E0063C647 /* View */,
				8F151E201C8E5F940063C647 /* AppDelegate.swift */,
				8F151E221C8E5F940063C647 /* ViewController.swift */,
				8F151E241C8E5F940063C647 /* Main.storyboard */,
				8F151E271C8E5F940063C647 /* Assets.xcassets */,
				8F151E291C8E5F940063C647 /* LaunchScreen.storyboard */,
				8F151E2C1C8E5F940063C647 /* Info.plist */,
			);
			path = "segway-example";
			sourceTree = "<group>";
		};
		8F151E321C8E625E0063C647 /* View */ = {
			isa = PBXGroup;
			children = (
				8F151E341C8E62960063C647 /* FirstPageViewController.swift */,
				8F151E361C8E66E60063C647 /* YellowViewController.swift */,
			);
			name = View;
			sourceTree = "<group>";
		};
		8F151E331C8E626B0063C647 /* Controller */ = {
			isa = PBXGroup;
			children = (
			);
			name = Controller;
			sourceTree = "<group>";
		};
/* End PBXGroup section */

/* Begin PBXNativeTarget section */
		8F151E1C1C8E5F940063C647 /* segway-example */ = {
			isa = PBXNativeTarget;
			buildConfigurationList = 8F151E2F1C8E5F940063C647 /* Build configuration list for PBXNativeTarget "segway-example" */;
			buildPhases = (
				8F151E191C8E5F940063C647 /* Sources */,
				8F151E1A1C8E5F940063C647 /* Frameworks */,
				8F151E1B1C8E5F940063C647 /* Resources */,
			);
			buildRules = (
			);
			dependencies = (
			);
			name = "segway-example";
			productName = "segway-example";
			productReference = 8F151E1D1C8E5F940063C647 /* segway-example.app */;
			productType = "com.apple.product-type.application";
		};
/* End PBXNativeTarget section */

/* Begin PBXProject section */
		8F151E151C8E5F940063C647 /* Project object */ = {
			isa = PBXProject;
			attributes = {
				LastSwiftUpdateCheck = 0730;
				LastUpgradeCheck = 0730;
				ORGANIZATIONNAME = "Bastien VINH";
				TargetAttributes = {
					8F151E1C1C8E5F940063C647 = {
						CreatedOnToolsVersion = 7.3;
						DevelopmentTeam = K9M6T6752A;
					};
				};
			};
			buildConfigurationList = 8F151E181C8E5F940063C647 /* Build configuration list for PBXProject "segway-example" */;
			compatibilityVersion = "Xcode 3.2";
			developmentRegion = English;
			hasScannedForEncodings = 0;
			knownRegions = (
				en,
				Base,
			);
			mainGroup = 8F151E141C8E5F940063C647;
			productRefGroup = 8F151E1E1C8E5F940063C647 /* Products */;
			projectDirPath = "";
			projectRoot = "";
			targets = (
				8F151E1C1C8E5F940063C647 /* segway-example */,
			);
		};
/* End PBXProject section */

/* Begin PBXResourcesBuildPhase section */
		8F151E1B1C8E5F940063C647 /* Resources */ = {
			isa = PBXResourcesBuildPhase;
			buildActionMask = 2147483647;
			files = (
				8F151E2B1C8E5F940063C647 /* LaunchScreen.storyboard in Resources */,
				8F151E281C8E5F940063C647 /* Assets.xcassets in Resources */,
				8F151E261C8E5F940063C647 /* Main.storyboard in Resources */,
			);
			runOnlyForDeploymentPostprocessing = 0;
		};
/* End PBXResourcesBuildPhase section */

/* Begin PBXSourcesBuildPhase section */
		8F151E191C8E5F940063C647 /* Sources */ = {
			isa = PBXSourcesBuildPhase;
			buildActionMask = 2147483647;
			files = (
				8F151E371C8E66E60063C647 /* YellowViewController.swift in Sources */,
				8F151E231C8E5F940063C647 /* ViewController.swift in Sources */,
				8F151E211C8E5F940063C647 /* AppDelegate.swift in Sources */,
				8F151E351C8E62960063C647 /* FirstPageViewController.swift in Sources */,
			);
			runOnlyForDeploymentPostprocessing = 0;
		};
/* End PBXSourcesBuildPhase section */

/* Begin PBXVariantGroup section */
		8F151E241C8E5F940063C647 /* Main.storyboard */ = {
			isa = PBXVariantGroup;
			children = (
				8F151E251C8E5F940063C647 /* Base */,
			);
			name = Main.storyboard;
			sourceTree = "<group>";
		};
		8F151E291C8E5F940063C647 /* LaunchScreen.storyboard */ = {
			isa = PBXVariantGroup;
			children = (
				8F151E2A1C8E5F940063C647 /* Base */,
			);
			name = LaunchScreen.storyboard;
			sourceTree = "<group>";
		};
/* End PBXVariantGroup section */

/* Begin XCBuildConfiguration section */
		8F151E2D1C8E5F940063C647 /* Debug */ = {
			isa = XCBuildConfiguration;
			buildSettings = {
				ALWAYS_SEARCH_USER_PATHS = NO;
				CLANG_ANALYZER_NONNULL = YES;
				CLANG_CXX_LANGUAGE_STANDARD = "gnu++0x";
				CLANG_CXX_LIBRARY = "libc++";
				CLANG_ENABLE_MODULES = YES;
				CLANG_ENABLE_OBJC_ARC = YES;
				CLANG_WARN_BOOL_CONVERSION = YES;
				CLANG_WARN_CONSTANT_CONVERSION = YES;
				CLANG_WARN_DIRECT_OBJC_ISA_USAGE = YES_ERROR;
				CLANG_WARN_EMPTY_BODY = YES;
				CLANG_WARN_ENUM_CONVERSION = YES;
				CLANG_WARN_INT_CONVERSION = YES;
				CLANG_WARN_OBJC_ROOT_CLASS = YES_ERROR;
				CLANG_WARN_UNREACHABLE_CODE = YES;
				CLANG_WARN__DUPLICATE_METHOD_MATCH = YES;
				"CODE_SIGN_IDENTITY[sdk=iphoneos*]" = "iPhone Developer";
				COPY_PHASE_STRIP = NO;
				DEBUG_INFORMATION_FORMAT = dwarf;
				ENABLE_STRICT_OBJC_MSGSEND = YES;
				ENABLE_TESTABILITY = YES;
				GCC_C_LANGUAGE_STANDARD = gnu99;
				GCC_DYNAMIC_NO_PIC = NO;
				GCC_NO_COMMON_BLOCKS = YES;
				GCC_OPTIMIZATION_LEVEL = 0;
				GCC_PREPROCESSOR_DEFINITIONS = (
					"DEBUG=1",
					"$(inherited)",
				);
				GCC_WARN_64_TO_32_BIT_CONVERSION = YES;
				GCC_WARN_ABOUT_RETURN_TYPE = YES_ERROR;
				GCC_WARN_UNDECLARED_SELECTOR = YES;
				GCC_WARN_UNINITIALIZED_AUTOS = YES_AGGRESSIVE;
				GCC_WARN_UNUSED_FUNCTION = YES;
				GCC_WARN_UNUSED_VARIABLE = YES;
				IPHONEOS_DEPLOYMENT_TARGET = 9.3;
				MTL_ENABLE_DEBUG_INFO = YES;
				ONLY_ACTIVE_ARCH = YES;
				SDKROOT = iphoneos;
				SWIFT_OPTIMIZATION_LEVEL = "-Onone";
				TARGETED_DEVICE_FAMILY = "1,2";
			};
			name = Debug;
		};
		8F151E2E1C8E5F940063C647 /* Release */ = {
			isa = XCBuildConfiguration;
			buildSettings = {
				ALWAYS_SEARCH_USER_PATHS = NO;
				CLANG_ANALYZER_NONNULL = YES;
				CLANG_CXX_LANGUAGE_STANDARD = "gnu++0x";
				CLANG_CXX_LIBRARY = "libc++";
				CLANG_ENABLE_MODULES = YES;
				CLANG_ENABLE_OBJC_ARC = YES;
				CLANG_WARN_BOOL_CONVERSION = YES;
				CLANG_WARN_CONSTANT_CONVERSION = YES;
				CLANG_WARN_DIRECT_OBJC_ISA_USAGE = YES_ERROR;
				CLANG_WARN_EMPTY_BODY = YES;
				CLANG_WARN_ENUM_CONVERSION = YES;
				CLANG_WARN_INT_CONVERSION = YES;
				CLANG_WARN_OBJC_ROOT_CLASS = YES_ERROR;
				CLANG_WARN_UNREACHABLE_CODE = YES;
				CLANG_WARN__DUPLICATE_METHOD_MATCH = YES;
				"CODE_SIGN_IDENTITY[sdk=iphoneos*]" = "iPhone Developer";
				COPY_PHASE_STRIP = NO;
				DEBUG_INFORMATION_FORMAT = "dwarf-with-dsym";
				ENABLE_NS_ASSERTIONS = NO;
				ENABLE_STRICT_OBJC_MSGSEND = YES;
				GCC_C_LANGUAGE_STANDARD = gnu99;
				GCC_NO_COMMON_BLOCKS = YES;
				GCC_WARN_64_TO_32_BIT_CONVERSION = YES;
				GCC_WARN_ABOUT_RETURN_TYPE = YES_ERROR;
				GCC_WARN_UNDECLARED_SELECTOR = YES;
				GCC_WARN_UNINITIALIZED_AUTOS = YES_AGGRESSIVE;
				GCC_WARN_UNUSED_FUNCTION = YES;
				GCC_WARN_UNUSED_VARIABLE = YES;
				IPHONEOS_DEPLOYMENT_TARGET = 9.3;
				MTL_ENABLE_DEBUG_INFO = NO;
				SDKROOT = iphoneos;
				TARGETED_DEVICE_FAMILY = "1,2";
				VALIDATE_PRODUCT = YES;
			};
			name = Release;
		};
		8F151E301C8E5F940063C647 /* Debug */ = {
			isa = XCBuildConfiguration;
			buildSettings = {
				ASSETCATALOG_COMPILER_APPICON_NAME = AppIcon;
				INFOPLIST_FILE = "segway-example/Info.plist";
				LD_RUNPATH_SEARCH_PATHS = "$(inherited) @executable_path/Frameworks";
				PRODUCT_BUNDLE_IDENTIFIER = "com.bvinh.segway-example";
				PRODUCT_NAME = "$(TARGET_NAME)";
			};
			name = Debug;
		};
		8F151E311C8E5F940063C647 /* Release */ = {
			isa = XCBuildConfiguration;
			buildSettings = {
				ASSETCATALOG_COMPILER_APPICON_NAME = AppIcon;
				INFOPLIST_FILE = "segway-example/Info.plist";
				LD_RUNPATH_SEARCH_PATHS = "$(inherited) @executable_path/Frameworks";
				PRODUCT_BUNDLE_IDENTIFIER = "com.bvinh.segway-example";
				PRODUCT_NAME = "$(TARGET_NAME)";
			};
			name = Release;
		};
/* End XCBuildConfiguration section */

/* Begin XCConfigurationList section */
		8F151E181C8E5F940063C647 /* Build configuration list for PBXProject "segway-example" */ = {
			isa = XCConfigurationList;
			buildConfigurations = (
				8F151E2D1C8E5F940063C647 /* Debug */,
				8F151E2E1C8E5F940063C647 /* Release */,
			);
			defaultConfigurationIsVisible = 0;
			defaultConfigurationName = Release;
		};
		8F151E2F1C8E5F940063C647 /* Build configuration list for PBXNativeTarget "segway-example" */ = {
			isa = XCConfigurationList;
			buildConfigurations = (
				8F151E301C8E5F940063C647 /* Debug */,
				8F151E311C8E5F940063C647 /* Release */,
			);
			defaultConfigurationIsVisible = 0;
		};
/* End XCConfigurationList section */
	};
	rootObject = 8F151E151C8E5F940063C647 /* Project object */;
}
