// !$*UTF8*$!
{
	archiveVersion = 1;
	classes = {
	};
	objectVersion = 46;
	objects = {

/* Begin PBXBuildFile section */
		8F27FCB91C9EF2810036711B /* AppDelegate.swift in Sources */ = {isa = PBXBuildFile; fileRef = 8F27FCB81C9EF2810036711B /* AppDelegate.swift */; };
		8F27FCBB1C9EF2810036711B /* ViewController.swift in Sources */ = {isa = PBXBuildFile; fileRef = 8F27FCBA1C9EF2810036711B /* ViewController.swift */; };
		8F27FCBE1C9EF2810036711B /* Main.storyboard in Resources */ = {isa = PBXBuildFile; fileRef = 8F27FCBC1C9EF2810036711B /* Main.storyboard */; };
		8F27FCC11C9EF2810036711B /* NSUserDefault_Example.xcdatamodeld in Sources */ = {isa = PBXBuildFile; fileRef = 8F27FCBF1C9EF2810036711B /* NSUserDefault_Example.xcdatamodeld */; };
		8F27FCC31C9EF2810036711B /* Assets.xcassets in Resources */ = {isa = PBXBuildFile; fileRef = 8F27FCC21C9EF2810036711B /* Assets.xcassets */; };
		8F27FCC61C9EF2810036711B /* LaunchScreen.storyboard in Resources */ = {isa = PBXBuildFile; fileRef = 8F27FCC41C9EF2810036711B /* LaunchScreen.storyboard */; };
		8F27FCCE1C9EFB200036711B /* File.swift in Sources */ = {isa = PBXBuildFile; fileRef = 8F27FCCD1C9EFB200036711B /* File.swift */; };
/* End PBXBuildFile section */

/* Begin PBXFileReference section */
		8F27FCB51C9EF2810036711B /* NSUserDefault-Example.app */ = {isa = PBXFileReference; explicitFileType = wrapper.application; includeInIndex = 0; path = "NSUserDefault-Example.app"; sourceTree = BUILT_PRODUCTS_DIR; };
		8F27FCB81C9EF2810036711B /* AppDelegate.swift */ = {isa = PBXFileReference; lastKnownFileType = sourcecode.swift; path = AppDelegate.swift; sourceTree = "<group>"; };
		8F27FCBA1C9EF2810036711B /* ViewController.swift */ = {isa = PBXFileReference; lastKnownFileType = sourcecode.swift; path = ViewController.swift; sourceTree = "<group>"; };
		8F27FCBD1C9EF2810036711B /* Base */ = {isa = PBXFileReference; lastKnownFileType = file.storyboard; name = Base; path = Base.lproj/Main.storyboard; sourceTree = "<group>"; };
		8F27FCC01C9EF2810036711B /* NSUserDefault_Example.xcdatamodel */ = {isa = PBXFileReference; lastKnownFileType = wrapper.xcdatamodel; path = NSUserDefault_Example.xcdatamodel; sourceTree = "<group>"; };
		8F27FCC21C9EF2810036711B /* Assets.xcassets */ = {isa = PBXFileReference; lastKnownFileType = folder.assetcatalog; path = Assets.xcassets; sourceTree = "<group>"; };
		8F27FCC51C9EF2810036711B /* Base */ = {isa = PBXFileReference; lastKnownFileType = file.storyboard; name = Base; path = Base.lproj/LaunchScreen.storyboard; sourceTree = "<group>"; };
		8F27FCC71C9EF2810036711B /* Info.plist */ = {isa = PBXFileReference; lastKnownFileType = text.plist.xml; path = Info.plist; sourceTree = "<group>"; };
		8F27FCCD1C9EFB200036711B /* File.swift */ = {isa = PBXFileReference; fileEncoding = 4; lastKnownFileType = sourcecode.swift; path = File.swift; sourceTree = "<group>"; };
/* End PBXFileReference section */

/* Begin PBXFrameworksBuildPhase section */
		8F27FCB21C9EF2810036711B /* Frameworks */ = {
			isa = PBXFrameworksBuildPhase;
			buildActionMask = 2147483647;
			files = (
			);
			runOnlyForDeploymentPostprocessing = 0;
		};
/* End PBXFrameworksBuildPhase section */

/* Begin PBXGroup section */
		8F27FCAC1C9EF2810036711B = {
			isa = PBXGroup;
			children = (
				8F27FCB71C9EF2810036711B /* NSUserDefault-Example */,
				8F27FCB61C9EF2810036711B /* Products */,
			);
			sourceTree = "<group>";
		};
		8F27FCB61C9EF2810036711B /* Products */ = {
			isa = PBXGroup;
			children = (
				8F27FCB51C9EF2810036711B /* NSUserDefault-Example.app */,
			);
			name = Products;
			sourceTree = "<group>";
		};
		8F27FCB71C9EF2810036711B /* NSUserDefault-Example */ = {
			isa = PBXGroup;
			children = (
				8F27FCB81C9EF2810036711B /* AppDelegate.swift */,
				8F27FCBA1C9EF2810036711B /* ViewController.swift */,
				8F27FCBC1C9EF2810036711B /* Main.storyboard */,
				8F27FCC21C9EF2810036711B /* Assets.xcassets */,
				8F27FCC41C9EF2810036711B /* LaunchScreen.storyboard */,
				8F27FCC71C9EF2810036711B /* Info.plist */,
				8F27FCBF1C9EF2810036711B /* NSUserDefault_Example.xcdatamodeld */,
				8F27FCCD1C9EFB200036711B /* File.swift */,
			);
			path = "NSUserDefault-Example";
			sourceTree = "<group>";
		};
/* End PBXGroup section */

/* Begin PBXNativeTarget section */
		8F27FCB41C9EF2810036711B /* NSUserDefault-Example */ = {
			isa = PBXNativeTarget;
			buildConfigurationList = 8F27FCCA1C9EF2810036711B /* Build configuration list for PBXNativeTarget "NSUserDefault-Example" */;
			buildPhases = (
				8F27FCB11C9EF2810036711B /* Sources */,
				8F27FCB21C9EF2810036711B /* Frameworks */,
				8F27FCB31C9EF2810036711B /* Resources */,
			);
			buildRules = (
			);
			dependencies = (
			);
			name = "NSUserDefault-Example";
			productName = "NSUserDefault-Example";
			productReference = 8F27FCB51C9EF2810036711B /* NSUserDefault-Example.app */;
			productType = "com.apple.product-type.application";
		};
/* End PBXNativeTarget section */

/* Begin PBXProject section */
		8F27FCAD1C9EF2810036711B /* Project object */ = {
			isa = PBXProject;
			attributes = {
				LastSwiftUpdateCheck = 0730;
				LastUpgradeCheck = 0730;
				ORGANIZATIONNAME = "Bastien VINH";
				TargetAttributes = {
					8F27FCB41C9EF2810036711B = {
						CreatedOnToolsVersion = 7.3;
						DevelopmentTeam = K9M6T6752A;
					};
				};
			};
			buildConfigurationList = 8F27FCB01C9EF2810036711B /* Build configuration list for PBXProject "NSUserDefault-Example" */;
			compatibilityVersion = "Xcode 3.2";
			developmentRegion = English;
			hasScannedForEncodings = 0;
			knownRegions = (
				en,
				Base,
			);
			mainGroup = 8F27FCAC1C9EF2810036711B;
			productRefGroup = 8F27FCB61C9EF2810036711B /* Products */;
			projectDirPath = "";
			projectRoot = "";
			targets = (
				8F27FCB41C9EF2810036711B /* NSUserDefault-Example */,
			);
		};
/* End PBXProject section */

/* Begin PBXResourcesBuildPhase section */
		8F27FCB31C9EF2810036711B /* Resources */ = {
			isa = PBXResourcesBuildPhase;
			buildActionMask = 2147483647;
			files = (
				8F27FCC61C9EF2810036711B /* LaunchScreen.storyboard in Resources */,
				8F27FCC31C9EF2810036711B /* Assets.xcassets in Resources */,
				8F27FCBE1C9EF2810036711B /* Main.storyboard in Resources */,
			);
			runOnlyForDeploymentPostprocessing = 0;
		};
/* End PBXResourcesBuildPhase section */

/* Begin PBXSourcesBuildPhase section */
		8F27FCB11C9EF2810036711B /* Sources */ = {
			isa = PBXSourcesBuildPhase;
			buildActionMask = 2147483647;
			files = (
				8F27FCBB1C9EF2810036711B /* ViewController.swift in Sources */,
				8F27FCCE1C9EFB200036711B /* File.swift in Sources */,
				8F27FCC11C9EF2810036711B /* NSUserDefault_Example.xcdatamodeld in Sources */,
				8F27FCB91C9EF2810036711B /* AppDelegate.swift in Sources */,
			);
			runOnlyForDeploymentPostprocessing = 0;
		};
/* End PBXSourcesBuildPhase section */

/* Begin PBXVariantGroup section */
		8F27FCBC1C9EF2810036711B /* Main.storyboard */ = {
			isa = PBXVariantGroup;
			children = (
				8F27FCBD1C9EF2810036711B /* Base */,
			);
			name = Main.storyboard;
			sourceTree = "<group>";
		};
		8F27FCC41C9EF2810036711B /* LaunchScreen.storyboard */ = {
			isa = PBXVariantGroup;
			children = (
				8F27FCC51C9EF2810036711B /* Base */,
			);
			name = LaunchScreen.storyboard;
			sourceTree = "<group>";
		};
/* End PBXVariantGroup section */

/* Begin XCBuildConfiguration section */
		8F27FCC81C9EF2810036711B /* Debug */ = {
			isa = XCBuildConfiguration;
			buildSettings = {
				ALWAYS_SEARCH_USER_PATHS = NO;
				CLANG_ANALYZER_NONNULL = YES;
				CLANG_CXX_LANGUAGE_STANDARD = "gnu++0x";
				CLANG_CXX_LIBRARY = "libc++";
				CLANG_ENABLE_MODULES = YES;
				CLANG_ENABLE_OBJC_ARC = YES;
				CLANG_WARN_BOOL_CONVERSION = YES;
				CLANG_WARN_CONSTANT_CONVERSION = YES;
				CLANG_WARN_DIRECT_OBJC_ISA_USAGE = YES_ERROR;
				CLANG_WARN_EMPTY_BODY = YES;
				CLANG_WARN_ENUM_CONVERSION = YES;
				CLANG_WARN_INT_CONVERSION = YES;
				CLANG_WARN_OBJC_ROOT_CLASS = YES_ERROR;
				CLANG_WARN_UNREACHABLE_CODE = YES;
				CLANG_WARN__DUPLICATE_METHOD_MATCH = YES;
				"CODE_SIGN_IDENTITY[sdk=iphoneos*]" = "iPhone Developer";
				COPY_PHASE_STRIP = NO;
				DEBUG_INFORMATION_FORMAT = dwarf;
				ENABLE_STRICT_OBJC_MSGSEND = YES;
				ENABLE_TESTABILITY = YES;
				GCC_C_LANGUAGE_STANDARD = gnu99;
				GCC_DYNAMIC_NO_PIC = NO;
				GCC_NO_COMMON_BLOCKS = YES;
				GCC_OPTIMIZATION_LEVEL = 0;
				GCC_PREPROCESSOR_DEFINITIONS = (
					"DEBUG=1",
					"$(inherited)",
				);
				GCC_WARN_64_TO_32_BIT_CONVERSION = YES;
				GCC_WARN_ABOUT_RETURN_TYPE = YES_ERROR;
				GCC_WARN_UNDECLARED_SELECTOR = YES;
				GCC_WARN_UNINITIALIZED_AUTOS = YES_AGGRESSIVE;
				GCC_WARN_UNUSED_FUNCTION = YES;
				GCC_WARN_UNUSED_VARIABLE = YES;
				IPHONEOS_DEPLOYMENT_TARGET = 9.3;
				MTL_ENABLE_DEBUG_INFO = YES;
				ONLY_ACTIVE_ARCH = YES;
				SDKROOT = iphoneos;
				SWIFT_OPTIMIZATION_LEVEL = "-Onone";
				TARGETED_DEVICE_FAMILY = "1,2";
			};
			name = Debug;
		};
		8F27FCC91C9EF2810036711B /* Release */ = {
			isa = XCBuildConfiguration;
			buildSettings = {
				ALWAYS_SEARCH_USER_PATHS = NO;
				CLANG_ANALYZER_NONNULL = YES;
				CLANG_CXX_LANGUAGE_STANDARD = "gnu++0x";
				CLANG_CXX_LIBRARY = "libc++";
				CLANG_ENABLE_MODULES = YES;
				CLANG_ENABLE_OBJC_ARC = YES;
				CLANG_WARN_BOOL_CONVERSION = YES;
				CLANG_WARN_CONSTANT_CONVERSION = YES;
				CLANG_WARN_DIRECT_OBJC_ISA_USAGE = YES_ERROR;
				CLANG_WARN_EMPTY_BODY = YES;
				CLANG_WARN_ENUM_CONVERSION = YES;
				CLANG_WARN_INT_CONVERSION = YES;
				CLANG_WARN_OBJC_ROOT_CLASS = YES_ERROR;
				CLANG_WARN_UNREACHABLE_CODE = YES;
				CLANG_WARN__DUPLICATE_METHOD_MATCH = YES;
				"CODE_SIGN_IDENTITY[sdk=iphoneos*]" = "iPhone Developer";
				COPY_PHASE_STRIP = NO;
				DEBUG_INFORMATION_FORMAT = "dwarf-with-dsym";
				ENABLE_NS_ASSERTIONS = NO;
				ENABLE_STRICT_OBJC_MSGSEND = YES;
				GCC_C_LANGUAGE_STANDARD = gnu99;
				GCC_NO_COMMON_BLOCKS = YES;
				GCC_WARN_64_TO_32_BIT_CONVERSION = YES;
				GCC_WARN_ABOUT_RETURN_TYPE = YES_ERROR;
				GCC_WARN_UNDECLARED_SELECTOR = YES;
				GCC_WARN_UNINITIALIZED_AUTOS = YES_AGGRESSIVE;
				GCC_WARN_UNUSED_FUNCTION = YES;
				GCC_WARN_UNUSED_VARIABLE = YES;
				IPHONEOS_DEPLOYMENT_TARGET = 9.3;
				MTL_ENABLE_DEBUG_INFO = NO;
				SDKROOT = iphoneos;
				TARGETED_DEVICE_FAMILY = "1,2";
				VALIDATE_PRODUCT = YES;
			};
			name = Release;
		};
		8F27FCCB1C9EF2810036711B /* Debug */ = {
			isa = XCBuildConfiguration;
			buildSettings = {
				ASSETCATALOG_COMPILER_APPICON_NAME = AppIcon;
				INFOPLIST_FILE = "NSUserDefault-Example/Info.plist";
				LD_RUNPATH_SEARCH_PATHS = "$(inherited) @executable_path/Frameworks";
				PRODUCT_BUNDLE_IDENTIFIER = "com.bvinh.NSUserDefault-Example";
				PRODUCT_NAME = "$(TARGET_NAME)";
			};
			name = Debug;
		};
		8F27FCCC1C9EF2810036711B /* Release */ = {
			isa = XCBuildConfiguration;
			buildSettings = {
				ASSETCATALOG_COMPILER_APPICON_NAME = AppIcon;
				INFOPLIST_FILE = "NSUserDefault-Example/Info.plist";
				LD_RUNPATH_SEARCH_PATHS = "$(inherited) @executable_path/Frameworks";
				PRODUCT_BUNDLE_IDENTIFIER = "com.bvinh.NSUserDefault-Example";
				PRODUCT_NAME = "$(TARGET_NAME)";
			};
			name = Release;
		};
/* End XCBuildConfiguration section */

/* Begin XCConfigurationList section */
		8F27FCB01C9EF2810036711B /* Build configuration list for PBXProject "NSUserDefault-Example" */ = {
			isa = XCConfigurationList;
			buildConfigurations = (
				8F27FCC81C9EF2810036711B /* Debug */,
				8F27FCC91C9EF2810036711B /* Release */,
			);
			defaultConfigurationIsVisible = 0;
			defaultConfigurationName = Release;
		};
		8F27FCCA1C9EF2810036711B /* Build configuration list for PBXNativeTarget "NSUserDefault-Example" */ = {
			isa = XCConfigurationList;
			buildConfigurations = (
				8F27FCCB1C9EF2810036711B /* Debug */,
				8F27FCCC1C9EF2810036711B /* Release */,
			);
			defaultConfigurationIsVisible = 0;
		};
/* End XCConfigurationList section */

/* Begin XCVersionGroup section */
		8F27FCBF1C9EF2810036711B /* NSUserDefault_Example.xcdatamodeld */ = {
			isa = XCVersionGroup;
			children = (
				8F27FCC01C9EF2810036711B /* NSUserDefault_Example.xcdatamodel */,
			);
			currentVersion = 8F27FCC01C9EF2810036711B /* NSUserDefault_Example.xcdatamodel */;
			path = NSUserDefault_Example.xcdatamodeld;
			sourceTree = "<group>";
			versionGroupType = wrapper.xcdatamodel;
		};
/* End XCVersionGroup section */
	};
	rootObject = 8F27FCAD1C9EF2810036711B /* Project object */;
}
