// !$*UTF8*$!
{
	archiveVersion = 1;
	classes = {
	};
	objectVersion = 46;
	objects = {

/* Begin PBXBuildFile section */
		8F72D4261C87DBA7004D2E7D /* AppDelegate.swift in Sources */ = {isa = PBXBuildFile; fileRef = 8F72D4251C87DBA7004D2E7D /* AppDelegate.swift */; };
		8F72D4281C87DBA7004D2E7D /* ViewController.swift in Sources */ = {isa = PBXBuildFile; fileRef = 8F72D4271C87DBA7004D2E7D /* ViewController.swift */; };
		8F72D42B1C87DBA7004D2E7D /* Main.storyboard in Resources */ = {isa = PBXBuildFile; fileRef = 8F72D4291C87DBA7004D2E7D /* Main.storyboard */; };
		8F72D42D1C87DBA7004D2E7D /* Assets.xcassets in Resources */ = {isa = PBXBuildFile; fileRef = 8F72D42C1C87DBA7004D2E7D /* Assets.xcassets */; };
		8F72D4301C87DBA7004D2E7D /* LaunchScreen.storyboard in Resources */ = {isa = PBXBuildFile; fileRef = 8F72D42E1C87DBA7004D2E7D /* LaunchScreen.storyboard */; };
		8F72D4391C8804E1004D2E7D /* DragAndDrop.swift in Sources */ = {isa = PBXBuildFile; fileRef = 8F72D4381C8804E1004D2E7D /* DragAndDrop.swift */; };
		8F72D43B1C8A4353004D2E7D /* MonsterImg.swift in Sources */ = {isa = PBXBuildFile; fileRef = 8F72D43A1C8A4353004D2E7D /* MonsterImg.swift */; };
		8F72D44C1C8A8E6E004D2E7D /* bite.wav in Resources */ = {isa = PBXBuildFile; fileRef = 8F72D4471C8A8E6E004D2E7D /* bite.wav */; };
		8F72D44D1C8A8E6E004D2E7D /* cave-music.mp3 in Resources */ = {isa = PBXBuildFile; fileRef = 8F72D4481C8A8E6E004D2E7D /* cave-music.mp3 */; };
		8F72D44E1C8A8E6E004D2E7D /* death.wav in Resources */ = {isa = PBXBuildFile; fileRef = 8F72D4491C8A8E6E004D2E7D /* death.wav */; };
		8F72D44F1C8A8E6E004D2E7D /* heart.wav in Resources */ = {isa = PBXBuildFile; fileRef = 8F72D44A1C8A8E6E004D2E7D /* heart.wav */; };
		8F72D4501C8A8E6E004D2E7D /* skull.wav in Resources */ = {isa = PBXBuildFile; fileRef = 8F72D44B1C8A8E6E004D2E7D /* skull.wav */; };
/* End PBXBuildFile section */

/* Begin PBXFileReference section */
		8F72D4221C87DBA7004D2E7D /* monster-pet.app */ = {isa = PBXFileReference; explicitFileType = wrapper.application; includeInIndex = 0; path = "monster-pet.app"; sourceTree = BUILT_PRODUCTS_DIR; };
		8F72D4251C87DBA7004D2E7D /* AppDelegate.swift */ = {isa = PBXFileReference; lastKnownFileType = sourcecode.swift; path = AppDelegate.swift; sourceTree = "<group>"; };
		8F72D4271C87DBA7004D2E7D /* ViewController.swift */ = {isa = PBXFileReference; lastKnownFileType = sourcecode.swift; path = ViewController.swift; sourceTree = "<group>"; };
		8F72D42A1C87DBA7004D2E7D /* Base */ = {isa = PBXFileReference; lastKnownFileType = file.storyboard; name = Base; path = Base.lproj/Main.storyboard; sourceTree = "<group>"; };
		8F72D42C1C87DBA7004D2E7D /* Assets.xcassets */ = {isa = PBXFileReference; lastKnownFileType = folder.assetcatalog; path = Assets.xcassets; sourceTree = "<group>"; };
		8F72D42F1C87DBA7004D2E7D /* Base */ = {isa = PBXFileReference; lastKnownFileType = file.storyboard; name = Base; path = Base.lproj/LaunchScreen.storyboard; sourceTree = "<group>"; };
		8F72D4311C87DBA7004D2E7D /* Info.plist */ = {isa = PBXFileReference; lastKnownFileType = text.plist.xml; path = Info.plist; sourceTree = "<group>"; };
		8F72D4381C8804E1004D2E7D /* DragAndDrop.swift */ = {isa = PBXFileReference; fileEncoding = 4; lastKnownFileType = sourcecode.swift; path = DragAndDrop.swift; sourceTree = "<group>"; };
		8F72D43A1C8A4353004D2E7D /* MonsterImg.swift */ = {isa = PBXFileReference; fileEncoding = 4; lastKnownFileType = sourcecode.swift; path = MonsterImg.swift; sourceTree = "<group>"; };
		8F72D4471C8A8E6E004D2E7D /* bite.wav */ = {isa = PBXFileReference; lastKnownFileType = audio.wav; name = bite.wav; path = "monster-pet/Sounds/bite.wav"; sourceTree = "<group>"; };
		8F72D4481C8A8E6E004D2E7D /* cave-music.mp3 */ = {isa = PBXFileReference; lastKnownFileType = audio.mp3; name = "cave-music.mp3"; path = "monster-pet/Sounds/cave-music.mp3"; sourceTree = "<group>"; };
		8F72D4491C8A8E6E004D2E7D /* death.wav */ = {isa = PBXFileReference; lastKnownFileType = audio.wav; name = death.wav; path = "monster-pet/Sounds/death.wav"; sourceTree = "<group>"; };
		8F72D44A1C8A8E6E004D2E7D /* heart.wav */ = {isa = PBXFileReference; lastKnownFileType = audio.wav; name = heart.wav; path = "monster-pet/Sounds/heart.wav"; sourceTree = "<group>"; };
		8F72D44B1C8A8E6E004D2E7D /* skull.wav */ = {isa = PBXFileReference; lastKnownFileType = audio.wav; name = skull.wav; path = "monster-pet/Sounds/skull.wav"; sourceTree = "<group>"; };
/* End PBXFileReference section */

/* Begin PBXFrameworksBuildPhase section */
		8F72D41F1C87DBA7004D2E7D /* Frameworks */ = {
			isa = PBXFrameworksBuildPhase;
			buildActionMask = 2147483647;
			files = (
			);
			runOnlyForDeploymentPostprocessing = 0;
		};
/* End PBXFrameworksBuildPhase section */

/* Begin PBXGroup section */
		8F72D4191C87DBA7004D2E7D = {
			isa = PBXGroup;
			children = (
				8F72D43C1C8A8DFD004D2E7D /* Sounds */,
				8F72D4241C87DBA7004D2E7D /* monster-pet */,
				8F72D4231C87DBA7004D2E7D /* Products */,
			);
			sourceTree = "<group>";
		};
		8F72D4231C87DBA7004D2E7D /* Products */ = {
			isa = PBXGroup;
			children = (
				8F72D4221C87DBA7004D2E7D /* monster-pet.app */,
			);
			name = Products;
			sourceTree = "<group>";
		};
		8F72D4241C87DBA7004D2E7D /* monster-pet */ = {
			isa = PBXGroup;
			children = (
				8F72D4371C8804B0004D2E7D /* Events Code */,
				8F72D4251C87DBA7004D2E7D /* AppDelegate.swift */,
				8F72D4271C87DBA7004D2E7D /* ViewController.swift */,
				8F72D4291C87DBA7004D2E7D /* Main.storyboard */,
				8F72D42C1C87DBA7004D2E7D /* Assets.xcassets */,
				8F72D42E1C87DBA7004D2E7D /* LaunchScreen.storyboard */,
				8F72D4311C87DBA7004D2E7D /* Info.plist */,
			);
			path = "monster-pet";
			sourceTree = "<group>";
		};
		8F72D4371C8804B0004D2E7D /* Events Code */ = {
			isa = PBXGroup;
			children = (
				8F72D4381C8804E1004D2E7D /* DragAndDrop.swift */,
				8F72D43A1C8A4353004D2E7D /* MonsterImg.swift */,
			);
			name = "Events Code";
			sourceTree = "<group>";
		};
		8F72D43C1C8A8DFD004D2E7D /* Sounds */ = {
			isa = PBXGroup;
			children = (
				8F72D4471C8A8E6E004D2E7D /* bite.wav */,
				8F72D4481C8A8E6E004D2E7D /* cave-music.mp3 */,
				8F72D4491C8A8E6E004D2E7D /* death.wav */,
				8F72D44A1C8A8E6E004D2E7D /* heart.wav */,
				8F72D44B1C8A8E6E004D2E7D /* skull.wav */,
			);
			name = Sounds;
			sourceTree = "<group>";
		};
/* End PBXGroup section */

/* Begin PBXNativeTarget section */
		8F72D4211C87DBA7004D2E7D /* monster-pet */ = {
			isa = PBXNativeTarget;
			buildConfigurationList = 8F72D4341C87DBA7004D2E7D /* Build configuration list for PBXNativeTarget "monster-pet" */;
			buildPhases = (
				8F72D41E1C87DBA7004D2E7D /* Sources */,
				8F72D41F1C87DBA7004D2E7D /* Frameworks */,
				8F72D4201C87DBA7004D2E7D /* Resources */,
			);
			buildRules = (
			);
			dependencies = (
			);
			name = "monster-pet";
			productName = "monster-pet";
			productReference = 8F72D4221C87DBA7004D2E7D /* monster-pet.app */;
			productType = "com.apple.product-type.application";
		};
/* End PBXNativeTarget section */

/* Begin PBXProject section */
		8F72D41A1C87DBA7004D2E7D /* Project object */ = {
			isa = PBXProject;
			attributes = {
				LastSwiftUpdateCheck = 0730;
				LastUpgradeCheck = 0730;
				ORGANIZATIONNAME = "Bastien VINH";
				TargetAttributes = {
					8F72D4211C87DBA7004D2E7D = {
						CreatedOnToolsVersion = 7.3;
						DevelopmentTeam = K9M6T6752A;
					};
				};
			};
			buildConfigurationList = 8F72D41D1C87DBA7004D2E7D /* Build configuration list for PBXProject "monster-pet" */;
			compatibilityVersion = "Xcode 3.2";
			developmentRegion = English;
			hasScannedForEncodings = 0;
			knownRegions = (
				en,
				Base,
			);
			mainGroup = 8F72D4191C87DBA7004D2E7D;
			productRefGroup = 8F72D4231C87DBA7004D2E7D /* Products */;
			projectDirPath = "";
			projectRoot = "";
			targets = (
				8F72D4211C87DBA7004D2E7D /* monster-pet */,
			);
		};
/* End PBXProject section */

/* Begin PBXResourcesBuildPhase section */
		8F72D4201C87DBA7004D2E7D /* Resources */ = {
			isa = PBXResourcesBuildPhase;
			buildActionMask = 2147483647;
			files = (
				8F72D4501C8A8E6E004D2E7D /* skull.wav in Resources */,
				8F72D44C1C8A8E6E004D2E7D /* bite.wav in Resources */,
				8F72D44E1C8A8E6E004D2E7D /* death.wav in Resources */,
				8F72D44F1C8A8E6E004D2E7D /* heart.wav in Resources */,
				8F72D44D1C8A8E6E004D2E7D /* cave-music.mp3 in Resources */,
				8F72D4301C87DBA7004D2E7D /* LaunchScreen.storyboard in Resources */,
				8F72D42D1C87DBA7004D2E7D /* Assets.xcassets in Resources */,
				8F72D42B1C87DBA7004D2E7D /* Main.storyboard in Resources */,
			);
			runOnlyForDeploymentPostprocessing = 0;
		};
/* End PBXResourcesBuildPhase section */

/* Begin PBXSourcesBuildPhase section */
		8F72D41E1C87DBA7004D2E7D /* Sources */ = {
			isa = PBXSourcesBuildPhase;
			buildActionMask = 2147483647;
			files = (
				8F72D43B1C8A4353004D2E7D /* MonsterImg.swift in Sources */,
				8F72D4281C87DBA7004D2E7D /* ViewController.swift in Sources */,
				8F72D4261C87DBA7004D2E7D /* AppDelegate.swift in Sources */,
				8F72D4391C8804E1004D2E7D /* DragAndDrop.swift in Sources */,
			);
			runOnlyForDeploymentPostprocessing = 0;
		};
/* End PBXSourcesBuildPhase section */

/* Begin PBXVariantGroup section */
		8F72D4291C87DBA7004D2E7D /* Main.storyboard */ = {
			isa = PBXVariantGroup;
			children = (
				8F72D42A1C87DBA7004D2E7D /* Base */,
			);
			name = Main.storyboard;
			sourceTree = "<group>";
		};
		8F72D42E1C87DBA7004D2E7D /* LaunchScreen.storyboard */ = {
			isa = PBXVariantGroup;
			children = (
				8F72D42F1C87DBA7004D2E7D /* Base */,
			);
			name = LaunchScreen.storyboard;
			sourceTree = "<group>";
		};
/* End PBXVariantGroup section */

/* Begin XCBuildConfiguration section */
		8F72D4321C87DBA7004D2E7D /* Debug */ = {
			isa = XCBuildConfiguration;
			buildSettings = {
				ALWAYS_SEARCH_USER_PATHS = NO;
				CLANG_ANALYZER_NONNULL = YES;
				CLANG_CXX_LANGUAGE_STANDARD = "gnu++0x";
				CLANG_CXX_LIBRARY = "libc++";
				CLANG_ENABLE_MODULES = YES;
				CLANG_ENABLE_OBJC_ARC = YES;
				CLANG_WARN_BOOL_CONVERSION = YES;
				CLANG_WARN_CONSTANT_CONVERSION = YES;
				CLANG_WARN_DIRECT_OBJC_ISA_USAGE = YES_ERROR;
				CLANG_WARN_EMPTY_BODY = YES;
				CLANG_WARN_ENUM_CONVERSION = YES;
				CLANG_WARN_INT_CONVERSION = YES;
				CLANG_WARN_OBJC_ROOT_CLASS = YES_ERROR;
				CLANG_WARN_UNREACHABLE_CODE = YES;
				CLANG_WARN__DUPLICATE_METHOD_MATCH = YES;
				"CODE_SIGN_IDENTITY[sdk=iphoneos*]" = "iPhone Developer";
				COPY_PHASE_STRIP = NO;
				DEBUG_INFORMATION_FORMAT = dwarf;
				ENABLE_STRICT_OBJC_MSGSEND = YES;
				ENABLE_TESTABILITY = YES;
				GCC_C_LANGUAGE_STANDARD = gnu99;
				GCC_DYNAMIC_NO_PIC = NO;
				GCC_NO_COMMON_BLOCKS = YES;
				GCC_OPTIMIZATION_LEVEL = 0;
				GCC_PREPROCESSOR_DEFINITIONS = (
					"DEBUG=1",
					"$(inherited)",
				);
				GCC_WARN_64_TO_32_BIT_CONVERSION = YES;
				GCC_WARN_ABOUT_RETURN_TYPE = YES_ERROR;
				GCC_WARN_UNDECLARED_SELECTOR = YES;
				GCC_WARN_UNINITIALIZED_AUTOS = YES_AGGRESSIVE;
				GCC_WARN_UNUSED_FUNCTION = YES;
				GCC_WARN_UNUSED_VARIABLE = YES;
				IPHONEOS_DEPLOYMENT_TARGET = 9.3;
				MTL_ENABLE_DEBUG_INFO = YES;
				ONLY_ACTIVE_ARCH = YES;
				SDKROOT = iphoneos;
				SWIFT_OPTIMIZATION_LEVEL = "-Onone";
				TARGETED_DEVICE_FAMILY = "1,2";
			};
			name = Debug;
		};
		8F72D4331C87DBA7004D2E7D /* Release */ = {
			isa = XCBuildConfiguration;
			buildSettings = {
				ALWAYS_SEARCH_USER_PATHS = NO;
				CLANG_ANALYZER_NONNULL = YES;
				CLANG_CXX_LANGUAGE_STANDARD = "gnu++0x";
				CLANG_CXX_LIBRARY = "libc++";
				CLANG_ENABLE_MODULES = YES;
				CLANG_ENABLE_OBJC_ARC = YES;
				CLANG_WARN_BOOL_CONVERSION = YES;
				CLANG_WARN_CONSTANT_CONVERSION = YES;
				CLANG_WARN_DIRECT_OBJC_ISA_USAGE = YES_ERROR;
				CLANG_WARN_EMPTY_BODY = YES;
				CLANG_WARN_ENUM_CONVERSION = YES;
				CLANG_WARN_INT_CONVERSION = YES;
				CLANG_WARN_OBJC_ROOT_CLASS = YES_ERROR;
				CLANG_WARN_UNREACHABLE_CODE = YES;
				CLANG_WARN__DUPLICATE_METHOD_MATCH = YES;
				"CODE_SIGN_IDENTITY[sdk=iphoneos*]" = "iPhone Developer";
				COPY_PHASE_STRIP = NO;
				DEBUG_INFORMATION_FORMAT = "dwarf-with-dsym";
				ENABLE_NS_ASSERTIONS = NO;
				ENABLE_STRICT_OBJC_MSGSEND = YES;
				GCC_C_LANGUAGE_STANDARD = gnu99;
				GCC_NO_COMMON_BLOCKS = YES;
				GCC_WARN_64_TO_32_BIT_CONVERSION = YES;
				GCC_WARN_ABOUT_RETURN_TYPE = YES_ERROR;
				GCC_WARN_UNDECLARED_SELECTOR = YES;
				GCC_WARN_UNINITIALIZED_AUTOS = YES_AGGRESSIVE;
				GCC_WARN_UNUSED_FUNCTION = YES;
				GCC_WARN_UNUSED_VARIABLE = YES;
				IPHONEOS_DEPLOYMENT_TARGET = 9.3;
				MTL_ENABLE_DEBUG_INFO = NO;
				SDKROOT = iphoneos;
				TARGETED_DEVICE_FAMILY = "1,2";
				VALIDATE_PRODUCT = YES;
			};
			name = Release;
		};
		8F72D4351C87DBA7004D2E7D /* Debug */ = {
			isa = XCBuildConfiguration;
			buildSettings = {
				ASSETCATALOG_COMPILER_APPICON_NAME = AppIcon;
				CODE_SIGN_IDENTITY = "iPhone Developer";
				INFOPLIST_FILE = "monster-pet/Info.plist";
				IPHONEOS_DEPLOYMENT_TARGET = 9.2;
				LD_RUNPATH_SEARCH_PATHS = "$(inherited) @executable_path/Frameworks";
				PRODUCT_BUNDLE_IDENTIFIER = "com.bvinh.monster-pet";
				PRODUCT_NAME = "$(TARGET_NAME)";
			};
			name = Debug;
		};
		8F72D4361C87DBA7004D2E7D /* Release */ = {
			isa = XCBuildConfiguration;
			buildSettings = {
				ASSETCATALOG_COMPILER_APPICON_NAME = AppIcon;
				CODE_SIGN_IDENTITY = "iPhone Developer";
				INFOPLIST_FILE = "monster-pet/Info.plist";
				IPHONEOS_DEPLOYMENT_TARGET = 9.2;
				LD_RUNPATH_SEARCH_PATHS = "$(inherited) @executable_path/Frameworks";
				PRODUCT_BUNDLE_IDENTIFIER = "com.bvinh.monster-pet";
				PRODUCT_NAME = "$(TARGET_NAME)";
			};
			name = Release;
		};
/* End XCBuildConfiguration section */

/* Begin XCConfigurationList section */
		8F72D41D1C87DBA7004D2E7D /* Build configuration list for PBXProject "monster-pet" */ = {
			isa = XCConfigurationList;
			buildConfigurations = (
				8F72D4321C87DBA7004D2E7D /* Debug */,
				8F72D4331C87DBA7004D2E7D /* Release */,
			);
			defaultConfigurationIsVisible = 0;
			defaultConfigurationName = Release;
		};
		8F72D4341C87DBA7004D2E7D /* Build configuration list for PBXNativeTarget "monster-pet" */ = {
			isa = XCConfigurationList;
			buildConfigurations = (
				8F72D4351C87DBA7004D2E7D /* Debug */,
				8F72D4361C87DBA7004D2E7D /* Release */,
			);
			defaultConfigurationIsVisible = 0;
		};
/* End XCConfigurationList section */
	};
	rootObject = 8F72D41A1C87DBA7004D2E7D /* Project object */;
}
