// !$*UTF8*$!
{
	archiveVersion = 1;
	classes = {
	};
	objectVersion = 46;
	objects = {

/* Begin PBXBuildFile section */
		8FA1823C1CA2F42B00D7AF8C /* AppDelegate.swift in Sources */ = {isa = PBXBuildFile; fileRef = 8FA1823B1CA2F42B00D7AF8C /* AppDelegate.swift */; };
		8FA1823E1CA2F42B00D7AF8C /* ViewController.swift in Sources */ = {isa = PBXBuildFile; fileRef = 8FA1823D1CA2F42B00D7AF8C /* ViewController.swift */; };
		8FA182411CA2F42B00D7AF8C /* Main.storyboard in Resources */ = {isa = PBXBuildFile; fileRef = 8FA1823F1CA2F42B00D7AF8C /* Main.storyboard */; };
		8FA182441CA2F42B00D7AF8C /* myHood.xcdatamodeld in Sources */ = {isa = PBXBuildFile; fileRef = 8FA182421CA2F42B00D7AF8C /* myHood.xcdatamodeld */; };
		8FA182461CA2F42B00D7AF8C /* Assets.xcassets in Resources */ = {isa = PBXBuildFile; fileRef = 8FA182451CA2F42B00D7AF8C /* Assets.xcassets */; };
		8FA182491CA2F42B00D7AF8C /* LaunchScreen.storyboard in Resources */ = {isa = PBXBuildFile; fileRef = 8FA182471CA2F42B00D7AF8C /* LaunchScreen.storyboard */; };
		8FA182521CA2F6D500D7AF8C /* Post.swift in Sources */ = {isa = PBXBuildFile; fileRef = 8FA182511CA2F6D500D7AF8C /* Post.swift */; };
		8FA182551CA33A7D00D7AF8C /* PostCell.swift in Sources */ = {isa = PBXBuildFile; fileRef = 8FA182541CA33A7D00D7AF8C /* PostCell.swift */; };
		8FA182581CA4029800D7AF8C /* AddPostVC.swift in Sources */ = {isa = PBXBuildFile; fileRef = 8FA182571CA4029800D7AF8C /* AddPostVC.swift */; };
		8FA1825B1CA4431300D7AF8C /* DataService.swift in Sources */ = {isa = PBXBuildFile; fileRef = 8FA1825A1CA4431300D7AF8C /* DataService.swift */; };
		8FA1825E1CAC017400D7AF8C /* ObserverKeyEvent.swift in Sources */ = {isa = PBXBuildFile; fileRef = 8FA1825D1CAC017400D7AF8C /* ObserverKeyEvent.swift */; };
/* End PBXBuildFile section */

/* Begin PBXFileReference section */
		8FA182381CA2F42B00D7AF8C /* myHood.app */ = {isa = PBXFileReference; explicitFileType = wrapper.application; includeInIndex = 0; path = myHood.app; sourceTree = BUILT_PRODUCTS_DIR; };
		8FA1823B1CA2F42B00D7AF8C /* AppDelegate.swift */ = {isa = PBXFileReference; lastKnownFileType = sourcecode.swift; path = AppDelegate.swift; sourceTree = "<group>"; };
		8FA1823D1CA2F42B00D7AF8C /* ViewController.swift */ = {isa = PBXFileReference; lastKnownFileType = sourcecode.swift; path = ViewController.swift; sourceTree = "<group>"; };
		8FA182401CA2F42B00D7AF8C /* Base */ = {isa = PBXFileReference; lastKnownFileType = file.storyboard; name = Base; path = Base.lproj/Main.storyboard; sourceTree = "<group>"; };
		8FA182431CA2F42B00D7AF8C /* myHood.xcdatamodel */ = {isa = PBXFileReference; lastKnownFileType = wrapper.xcdatamodel; path = myHood.xcdatamodel; sourceTree = "<group>"; };
		8FA182451CA2F42B00D7AF8C /* Assets.xcassets */ = {isa = PBXFileReference; lastKnownFileType = folder.assetcatalog; path = Assets.xcassets; sourceTree = "<group>"; };
		8FA182481CA2F42B00D7AF8C /* Base */ = {isa = PBXFileReference; lastKnownFileType = file.storyboard; name = Base; path = Base.lproj/LaunchScreen.storyboard; sourceTree = "<group>"; };
		8FA1824A1CA2F42B00D7AF8C /* Info.plist */ = {isa = PBXFileReference; lastKnownFileType = text.plist.xml; path = Info.plist; sourceTree = "<group>"; };
		8FA182511CA2F6D500D7AF8C /* Post.swift */ = {isa = PBXFileReference; fileEncoding = 4; lastKnownFileType = sourcecode.swift; path = Post.swift; sourceTree = "<group>"; };
		8FA182541CA33A7D00D7AF8C /* PostCell.swift */ = {isa = PBXFileReference; fileEncoding = 4; lastKnownFileType = sourcecode.swift; path = PostCell.swift; sourceTree = "<group>"; };
		8FA182571CA4029800D7AF8C /* AddPostVC.swift */ = {isa = PBXFileReference; fileEncoding = 4; lastKnownFileType = sourcecode.swift; path = AddPostVC.swift; sourceTree = "<group>"; };
		8FA1825A1CA4431300D7AF8C /* DataService.swift */ = {isa = PBXFileReference; fileEncoding = 4; lastKnownFileType = sourcecode.swift; path = DataService.swift; sourceTree = "<group>"; };
		8FA1825D1CAC017400D7AF8C /* ObserverKeyEvent.swift */ = {isa = PBXFileReference; fileEncoding = 4; lastKnownFileType = sourcecode.swift; path = ObserverKeyEvent.swift; sourceTree = "<group>"; };
/* End PBXFileReference section */

/* Begin PBXFrameworksBuildPhase section */
		8FA182351CA2F42B00D7AF8C /* Frameworks */ = {
			isa = PBXFrameworksBuildPhase;
			buildActionMask = 2147483647;
			files = (
			);
			runOnlyForDeploymentPostprocessing = 0;
		};
/* End PBXFrameworksBuildPhase section */

/* Begin PBXGroup section */
		8FA1822F1CA2F42B00D7AF8C = {
			isa = PBXGroup;
			children = (
				8FA1823A1CA2F42B00D7AF8C /* myHood */,
				8FA182391CA2F42B00D7AF8C /* Products */,
			);
			sourceTree = "<group>";
		};
		8FA182391CA2F42B00D7AF8C /* Products */ = {
			isa = PBXGroup;
			children = (
				8FA182381CA2F42B00D7AF8C /* myHood.app */,
			);
			name = Products;
			sourceTree = "<group>";
		};
		8FA1823A1CA2F42B00D7AF8C /* myHood */ = {
			isa = PBXGroup;
			children = (
				8FA1825C1CAC015300D7AF8C /* Ressources */,
				8FA182591CA442EA00D7AF8C /* Services */,
				8FA182561CA4026500D7AF8C /* Controller */,
				8FA182531CA33A4E00D7AF8C /* View */,
				8FA182501CA2F6C100D7AF8C /* Model */,
				8FA1823B1CA2F42B00D7AF8C /* AppDelegate.swift */,
				8FA1823F1CA2F42B00D7AF8C /* Main.storyboard */,
				8FA182451CA2F42B00D7AF8C /* Assets.xcassets */,
				8FA182471CA2F42B00D7AF8C /* LaunchScreen.storyboard */,
				8FA1824A1CA2F42B00D7AF8C /* Info.plist */,
				8FA182421CA2F42B00D7AF8C /* myHood.xcdatamodeld */,
			);
			path = myHood;
			sourceTree = "<group>";
		};
		8FA182501CA2F6C100D7AF8C /* Model */ = {
			isa = PBXGroup;
			children = (
				8FA182511CA2F6D500D7AF8C /* Post.swift */,
			);
			name = Model;
			sourceTree = "<group>";
		};
		8FA182531CA33A4E00D7AF8C /* View */ = {
			isa = PBXGroup;
			children = (
				8FA182541CA33A7D00D7AF8C /* PostCell.swift */,
			);
			name = View;
			sourceTree = "<group>";
		};
		8FA182561CA4026500D7AF8C /* Controller */ = {
			isa = PBXGroup;
			children = (
				8FA1823D1CA2F42B00D7AF8C /* ViewController.swift */,
				8FA182571CA4029800D7AF8C /* AddPostVC.swift */,
			);
			name = Controller;
			sourceTree = "<group>";
		};
		8FA182591CA442EA00D7AF8C /* Services */ = {
			isa = PBXGroup;
			children = (
				8FA1825A1CA4431300D7AF8C /* DataService.swift */,
			);
			name = Services;
			sourceTree = "<group>";
		};
		8FA1825C1CAC015300D7AF8C /* Ressources */ = {
			isa = PBXGroup;
			children = (
				8FA1825D1CAC017400D7AF8C /* ObserverKeyEvent.swift */,
			);
			name = Ressources;
			sourceTree = "<group>";
		};
/* End PBXGroup section */

/* Begin PBXNativeTarget section */
		8FA182371CA2F42B00D7AF8C /* myHood */ = {
			isa = PBXNativeTarget;
			buildConfigurationList = 8FA1824D1CA2F42B00D7AF8C /* Build configuration list for PBXNativeTarget "myHood" */;
			buildPhases = (
				8FA182341CA2F42B00D7AF8C /* Sources */,
				8FA182351CA2F42B00D7AF8C /* Frameworks */,
				8FA182361CA2F42B00D7AF8C /* Resources */,
			);
			buildRules = (
			);
			dependencies = (
			);
			name = myHood;
			productName = myHood;
			productReference = 8FA182381CA2F42B00D7AF8C /* myHood.app */;
			productType = "com.apple.product-type.application";
		};
/* End PBXNativeTarget section */

/* Begin PBXProject section */
		8FA182301CA2F42B00D7AF8C /* Project object */ = {
			isa = PBXProject;
			attributes = {
				LastSwiftUpdateCheck = 0730;
				LastUpgradeCheck = 0730;
				ORGANIZATIONNAME = "Bastien VINH";
				TargetAttributes = {
					8FA182371CA2F42B00D7AF8C = {
						CreatedOnToolsVersion = 7.3;
						DevelopmentTeam = K9M6T6752A;
					};
				};
			};
			buildConfigurationList = 8FA182331CA2F42B00D7AF8C /* Build configuration list for PBXProject "myHood" */;
			compatibilityVersion = "Xcode 3.2";
			developmentRegion = English;
			hasScannedForEncodings = 0;
			knownRegions = (
				en,
				Base,
			);
			mainGroup = 8FA1822F1CA2F42B00D7AF8C;
			productRefGroup = 8FA182391CA2F42B00D7AF8C /* Products */;
			projectDirPath = "";
			projectRoot = "";
			targets = (
				8FA182371CA2F42B00D7AF8C /* myHood */,
			);
		};
/* End PBXProject section */

/* Begin PBXResourcesBuildPhase section */
		8FA182361CA2F42B00D7AF8C /* Resources */ = {
			isa = PBXResourcesBuildPhase;
			buildActionMask = 2147483647;
			files = (
				8FA182491CA2F42B00D7AF8C /* LaunchScreen.storyboard in Resources */,
				8FA182461CA2F42B00D7AF8C /* Assets.xcassets in Resources */,
				8FA182411CA2F42B00D7AF8C /* Main.storyboard in Resources */,
			);
			runOnlyForDeploymentPostprocessing = 0;
		};
/* End PBXResourcesBuildPhase section */

/* Begin PBXSourcesBuildPhase section */
		8FA182341CA2F42B00D7AF8C /* Sources */ = {
			isa = PBXSourcesBuildPhase;
			buildActionMask = 2147483647;
			files = (
				8FA1823E1CA2F42B00D7AF8C /* ViewController.swift in Sources */,
				8FA1825B1CA4431300D7AF8C /* DataService.swift in Sources */,
				8FA1823C1CA2F42B00D7AF8C /* AppDelegate.swift in Sources */,
				8FA182441CA2F42B00D7AF8C /* myHood.xcdatamodeld in Sources */,
				8FA1825E1CAC017400D7AF8C /* ObserverKeyEvent.swift in Sources */,
				8FA182521CA2F6D500D7AF8C /* Post.swift in Sources */,
				8FA182581CA4029800D7AF8C /* AddPostVC.swift in Sources */,
				8FA182551CA33A7D00D7AF8C /* PostCell.swift in Sources */,
			);
			runOnlyForDeploymentPostprocessing = 0;
		};
/* End PBXSourcesBuildPhase section */

/* Begin PBXVariantGroup section */
		8FA1823F1CA2F42B00D7AF8C /* Main.storyboard */ = {
			isa = PBXVariantGroup;
			children = (
				8FA182401CA2F42B00D7AF8C /* Base */,
			);
			name = Main.storyboard;
			sourceTree = "<group>";
		};
		8FA182471CA2F42B00D7AF8C /* LaunchScreen.storyboard */ = {
			isa = PBXVariantGroup;
			children = (
				8FA182481CA2F42B00D7AF8C /* Base */,
			);
			name = LaunchScreen.storyboard;
			sourceTree = "<group>";
		};
/* End PBXVariantGroup section */

/* Begin XCBuildConfiguration section */
		8FA1824B1CA2F42B00D7AF8C /* Debug */ = {
			isa = XCBuildConfiguration;
			buildSettings = {
				ALWAYS_SEARCH_USER_PATHS = NO;
				CLANG_ANALYZER_NONNULL = YES;
				CLANG_CXX_LANGUAGE_STANDARD = "gnu++0x";
				CLANG_CXX_LIBRARY = "libc++";
				CLANG_ENABLE_MODULES = YES;
				CLANG_ENABLE_OBJC_ARC = YES;
				CLANG_WARN_BOOL_CONVERSION = YES;
				CLANG_WARN_CONSTANT_CONVERSION = YES;
				CLANG_WARN_DIRECT_OBJC_ISA_USAGE = YES_ERROR;
				CLANG_WARN_EMPTY_BODY = YES;
				CLANG_WARN_ENUM_CONVERSION = YES;
				CLANG_WARN_INT_CONVERSION = YES;
				CLANG_WARN_OBJC_ROOT_CLASS = YES_ERROR;
				CLANG_WARN_UNREACHABLE_CODE = YES;
				CLANG_WARN__DUPLICATE_METHOD_MATCH = YES;
				"CODE_SIGN_IDENTITY[sdk=iphoneos*]" = "iPhone Developer";
				COPY_PHASE_STRIP = NO;
				DEBUG_INFORMATION_FORMAT = dwarf;
				ENABLE_STRICT_OBJC_MSGSEND = YES;
				ENABLE_TESTABILITY = YES;
				GCC_C_LANGUAGE_STANDARD = gnu99;
				GCC_DYNAMIC_NO_PIC = NO;
				GCC_NO_COMMON_BLOCKS = YES;
				GCC_OPTIMIZATION_LEVEL = 0;
				GCC_PREPROCESSOR_DEFINITIONS = (
					"DEBUG=1",
					"$(inherited)",
				);
				GCC_WARN_64_TO_32_BIT_CONVERSION = YES;
				GCC_WARN_ABOUT_RETURN_TYPE = YES_ERROR;
				GCC_WARN_UNDECLARED_SELECTOR = YES;
				GCC_WARN_UNINITIALIZED_AUTOS = YES_AGGRESSIVE;
				GCC_WARN_UNUSED_FUNCTION = YES;
				GCC_WARN_UNUSED_VARIABLE = YES;
				IPHONEOS_DEPLOYMENT_TARGET = 9.3;
				MTL_ENABLE_DEBUG_INFO = YES;
				ONLY_ACTIVE_ARCH = YES;
				SDKROOT = iphoneos;
				SWIFT_OPTIMIZATION_LEVEL = "-Onone";
				TARGETED_DEVICE_FAMILY = "1,2";
			};
			name = Debug;
		};
		8FA1824C1CA2F42B00D7AF8C /* Release */ = {
			isa = XCBuildConfiguration;
			buildSettings = {
				ALWAYS_SEARCH_USER_PATHS = NO;
				CLANG_ANALYZER_NONNULL = YES;
				CLANG_CXX_LANGUAGE_STANDARD = "gnu++0x";
				CLANG_CXX_LIBRARY = "libc++";
				CLANG_ENABLE_MODULES = YES;
				CLANG_ENABLE_OBJC_ARC = YES;
				CLANG_WARN_BOOL_CONVERSION = YES;
				CLANG_WARN_CONSTANT_CONVERSION = YES;
				CLANG_WARN_DIRECT_OBJC_ISA_USAGE = YES_ERROR;
				CLANG_WARN_EMPTY_BODY = YES;
				CLANG_WARN_ENUM_CONVERSION = YES;
				CLANG_WARN_INT_CONVERSION = YES;
				CLANG_WARN_OBJC_ROOT_CLASS = YES_ERROR;
				CLANG_WARN_UNREACHABLE_CODE = YES;
				CLANG_WARN__DUPLICATE_METHOD_MATCH = YES;
				"CODE_SIGN_IDENTITY[sdk=iphoneos*]" = "iPhone Developer";
				COPY_PHASE_STRIP = NO;
				DEBUG_INFORMATION_FORMAT = "dwarf-with-dsym";
				ENABLE_NS_ASSERTIONS = NO;
				ENABLE_STRICT_OBJC_MSGSEND = YES;
				GCC_C_LANGUAGE_STANDARD = gnu99;
				GCC_NO_COMMON_BLOCKS = YES;
				GCC_WARN_64_TO_32_BIT_CONVERSION = YES;
				GCC_WARN_ABOUT_RETURN_TYPE = YES_ERROR;
				GCC_WARN_UNDECLARED_SELECTOR = YES;
				GCC_WARN_UNINITIALIZED_AUTOS = YES_AGGRESSIVE;
				GCC_WARN_UNUSED_FUNCTION = YES;
				GCC_WARN_UNUSED_VARIABLE = YES;
				IPHONEOS_DEPLOYMENT_TARGET = 9.3;
				MTL_ENABLE_DEBUG_INFO = NO;
				SDKROOT = iphoneos;
				TARGETED_DEVICE_FAMILY = "1,2";
				VALIDATE_PRODUCT = YES;
			};
			name = Release;
		};
		8FA1824E1CA2F42B00D7AF8C /* Debug */ = {
			isa = XCBuildConfiguration;
			buildSettings = {
				ASSETCATALOG_COMPILER_APPICON_NAME = AppIcon;
				INFOPLIST_FILE = myHood/Info.plist;
				LD_RUNPATH_SEARCH_PATHS = "$(inherited) @executable_path/Frameworks";
				PRODUCT_BUNDLE_IDENTIFIER = com.bvinh.myHood;
				PRODUCT_NAME = "$(TARGET_NAME)";
			};
			name = Debug;
		};
		8FA1824F1CA2F42B00D7AF8C /* Release */ = {
			isa = XCBuildConfiguration;
			buildSettings = {
				ASSETCATALOG_COMPILER_APPICON_NAME = AppIcon;
				INFOPLIST_FILE = myHood/Info.plist;
				LD_RUNPATH_SEARCH_PATHS = "$(inherited) @executable_path/Frameworks";
				PRODUCT_BUNDLE_IDENTIFIER = com.bvinh.myHood;
				PRODUCT_NAME = "$(TARGET_NAME)";
			};
			name = Release;
		};
/* End XCBuildConfiguration section */

/* Begin XCConfigurationList section */
		8FA182331CA2F42B00D7AF8C /* Build configuration list for PBXProject "myHood" */ = {
			isa = XCConfigurationList;
			buildConfigurations = (
				8FA1824B1CA2F42B00D7AF8C /* Debug */,
				8FA1824C1CA2F42B00D7AF8C /* Release */,
			);
			defaultConfigurationIsVisible = 0;
			defaultConfigurationName = Release;
		};
		8FA1824D1CA2F42B00D7AF8C /* Build configuration list for PBXNativeTarget "myHood" */ = {
			isa = XCConfigurationList;
			buildConfigurations = (
				8FA1824E1CA2F42B00D7AF8C /* Debug */,
				8FA1824F1CA2F42B00D7AF8C /* Release */,
			);
			defaultConfigurationIsVisible = 0;
		};
/* End XCConfigurationList section */

/* Begin XCVersionGroup section */
		8FA182421CA2F42B00D7AF8C /* myHood.xcdatamodeld */ = {
			isa = XCVersionGroup;
			children = (
				8FA182431CA2F42B00D7AF8C /* myHood.xcdatamodel */,
			);
			currentVersion = 8FA182431CA2F42B00D7AF8C /* myHood.xcdatamodel */;
			path = myHood.xcdatamodeld;
			sourceTree = "<group>";
			versionGroupType = wrapper.xcdatamodel;
		};
/* End XCVersionGroup section */
	};
	rootObject = 8FA182301CA2F42B00D7AF8C /* Project object */;
}
